// !$*UTF8*$!
{
	archiveVersion = 1;
	classes = {
	};
	objectVersion = 51;
	objects = {

/* Begin PBXBuildFile section */
		66412E992348CAD400CF7F95 /* Main.storyboard in Resources */ = {isa = PBXBuildFile; fileRef = 66412E972348CAD400CF7F95 /* Main.storyboard */; };
		66412E9B2348CADB00CF7F95 /* Assets.xcassets in Resources */ = {isa = PBXBuildFile; fileRef = 66412E9A2348CADB00CF7F95 /* Assets.xcassets */; };
		66412E9E2348CADB00CF7F95 /* LaunchScreen.storyboard in Resources */ = {isa = PBXBuildFile; fileRef = 66412E9C2348CADB00CF7F95 /* LaunchScreen.storyboard */; };
		66412EB12348CC5D00CF7F95 /* AppDelegate.swift in Sources */ = {isa = PBXBuildFile; fileRef = 66412EB02348CC5D00CF7F95 /* AppDelegate.swift */; };
		66412EB32348CC8300CF7F95 /* PNewsViewController.swift in Sources */ = {isa = PBXBuildFile; fileRef = 66412EB22348CC8300CF7F95 /* PNewsViewController.swift */; };
		66412EB52348CCF900CF7F95 /* PNBaseViewController.swift in Sources */ = {isa = PBXBuildFile; fileRef = 66412EB42348CCF900CF7F95 /* PNBaseViewController.swift */; };
		66412EB72348CD5E00CF7F95 /* PNConstant.swift in Sources */ = {isa = PBXBuildFile; fileRef = 66412EB62348CD5E00CF7F95 /* PNConstant.swift */; };
		66412EB92348CDAC00CF7F95 /* PNUtils.swift in Sources */ = {isa = PBXBuildFile; fileRef = 66412EB82348CDAC00CF7F95 /* PNUtils.swift */; };
		66412EBB2348CDDD00CF7F95 /* PNews.swift in Sources */ = {isa = PBXBuildFile; fileRef = 66412EBA2348CDDD00CF7F95 /* PNews.swift */; };
		66412EBD2348CE0A00CF7F95 /* PNewsAPI.swift in Sources */ = {isa = PBXBuildFile; fileRef = 66412EBC2348CE0A00CF7F95 /* PNewsAPI.swift */; };
		66412EBF2348CE4B00CF7F95 /* PNewsDetailViewController.swift in Sources */ = {isa = PBXBuildFile; fileRef = 66412EBE2348CE4B00CF7F95 /* PNewsDetailViewController.swift */; };
		66412EC12348CE8F00CF7F95 /* PNKeywordSelectionViewController.swift in Sources */ = {isa = PBXBuildFile; fileRef = 66412EC02348CE8F00CF7F95 /* PNKeywordSelectionViewController.swift */; };
		66412EC32348CED100CF7F95 /* PNewsDetailTableViewCell.swift in Sources */ = {isa = PBXBuildFile; fileRef = 66412EC22348CED100CF7F95 /* PNewsDetailTableViewCell.swift */; };
		66412EC52348CEEC00CF7F95 /* PNewsDetailTableViewCell.xib in Resources */ = {isa = PBXBuildFile; fileRef = 66412EC42348CEEC00CF7F95 /* PNewsDetailTableViewCell.xib */; };
		66412EC72348CF0C00CF7F95 /* PNewsTableViewCell.swift in Sources */ = {isa = PBXBuildFile; fileRef = 66412EC62348CF0C00CF7F95 /* PNewsTableViewCell.swift */; };
		66412EC92348CF1700CF7F95 /* PNewsTableViewCell.xib in Resources */ = {isa = PBXBuildFile; fileRef = 66412EC82348CF1700CF7F95 /* PNewsTableViewCell.xib */; };
		66BE31202349D3B10085D15F /* PNProfileViewController.swift in Sources */ = {isa = PBXBuildFile; fileRef = 66BE311F2349D3B10085D15F /* PNProfileViewController.swift */; };
		66BE31232349D4670085D15F /* PNews.xcdatamodel in Sources */ = {isa = PBXBuildFile; fileRef = 66BE31222349D4670085D15F /* PNews.xcdatamodel */; };
		66BE31252349D4850085D15F /* PNCoreDataHandler.swift in Sources */ = {isa = PBXBuildFile; fileRef = 66BE31242349D4850085D15F /* PNCoreDataHandler.swift */; };
		66BE31282349D4B00085D15F /* PNUser+CoreDataProperties.swift in Sources */ = {isa = PBXBuildFile; fileRef = 66BE31262349D4B00085D15F /* PNUser+CoreDataProperties.swift */; };
		66BE31292349D4B00085D15F /* PNUser+CoreDataClass.swift in Sources */ = {isa = PBXBuildFile; fileRef = 66BE31272349D4B00085D15F /* PNUser+CoreDataClass.swift */; };
		8C349E69A3123EAFB8437279 /* Pods_PNews.framework in Frameworks */ = {isa = PBXBuildFile; fileRef = D6AD8437193EB3C607697402 /* Pods_PNews.framework */; };
/* End PBXBuildFile section */

/* Begin PBXFileReference section */
		66412E902348CAD400CF7F95 /* News.app */ = {isa = PBXFileReference; explicitFileType = wrapper.application; includeInIndex = 0; path = News.app; sourceTree = BUILT_PRODUCTS_DIR; };
		66412E982348CAD400CF7F95 /* Base */ = {isa = PBXFileReference; lastKnownFileType = file.storyboard; name = Base; path = Base.lproj/Main.storyboard; sourceTree = "<group>"; };
		66412E9A2348CADB00CF7F95 /* Assets.xcassets */ = {isa = PBXFileReference; lastKnownFileType = folder.assetcatalog; path = Assets.xcassets; sourceTree = "<group>"; };
		66412E9D2348CADB00CF7F95 /* Base */ = {isa = PBXFileReference; lastKnownFileType = file.storyboard; name = Base; path = Base.lproj/LaunchScreen.storyboard; sourceTree = "<group>"; };
		66412E9F2348CADB00CF7F95 /* Info.plist */ = {isa = PBXFileReference; lastKnownFileType = text.plist.xml; path = Info.plist; sourceTree = "<group>"; };
		66412EB02348CC5D00CF7F95 /* AppDelegate.swift */ = {isa = PBXFileReference; fileEncoding = 4; lastKnownFileType = sourcecode.swift; path = AppDelegate.swift; sourceTree = "<group>"; };
		66412EB22348CC8300CF7F95 /* PNewsViewController.swift */ = {isa = PBXFileReference; lastKnownFileType = sourcecode.swift; path = PNewsViewController.swift; sourceTree = "<group>"; };
		66412EB42348CCF900CF7F95 /* PNBaseViewController.swift */ = {isa = PBXFileReference; lastKnownFileType = sourcecode.swift; path = PNBaseViewController.swift; sourceTree = "<group>"; };
		66412EB62348CD5E00CF7F95 /* PNConstant.swift */ = {isa = PBXFileReference; lastKnownFileType = sourcecode.swift; path = PNConstant.swift; sourceTree = "<group>"; };
		66412EB82348CDAC00CF7F95 /* PNUtils.swift */ = {isa = PBXFileReference; lastKnownFileType = sourcecode.swift; path = PNUtils.swift; sourceTree = "<group>"; };
		66412EBA2348CDDD00CF7F95 /* PNews.swift */ = {isa = PBXFileReference; lastKnownFileType = sourcecode.swift; path = PNews.swift; sourceTree = "<group>"; };
		66412EBC2348CE0A00CF7F95 /* PNewsAPI.swift */ = {isa = PBXFileReference; lastKnownFileType = sourcecode.swift; path = PNewsAPI.swift; sourceTree = "<group>"; };
		66412EBE2348CE4B00CF7F95 /* PNewsDetailViewController.swift */ = {isa = PBXFileReference; lastKnownFileType = sourcecode.swift; path = PNewsDetailViewController.swift; sourceTree = "<group>"; };
		66412EC02348CE8F00CF7F95 /* PNKeywordSelectionViewController.swift */ = {isa = PBXFileReference; lastKnownFileType = sourcecode.swift; path = PNKeywordSelectionViewController.swift; sourceTree = "<group>"; };
		66412EC22348CED100CF7F95 /* PNewsDetailTableViewCell.swift */ = {isa = PBXFileReference; lastKnownFileType = sourcecode.swift; path = PNewsDetailTableViewCell.swift; sourceTree = "<group>"; };
		66412EC42348CEEC00CF7F95 /* PNewsDetailTableViewCell.xib */ = {isa = PBXFileReference; lastKnownFileType = file.xib; path = PNewsDetailTableViewCell.xib; sourceTree = "<group>"; };
		66412EC62348CF0C00CF7F95 /* PNewsTableViewCell.swift */ = {isa = PBXFileReference; lastKnownFileType = sourcecode.swift; path = PNewsTableViewCell.swift; sourceTree = "<group>"; };
		66412EC82348CF1700CF7F95 /* PNewsTableViewCell.xib */ = {isa = PBXFileReference; lastKnownFileType = file.xib; path = PNewsTableViewCell.xib; sourceTree = "<group>"; };
		66BE311F2349D3B10085D15F /* PNProfileViewController.swift */ = {isa = PBXFileReference; lastKnownFileType = sourcecode.swift; path = PNProfileViewController.swift; sourceTree = "<group>"; };
		66BE31222349D4670085D15F /* PNews.xcdatamodel */ = {isa = PBXFileReference; lastKnownFileType = wrapper.xcdatamodel; path = PNews.xcdatamodel; sourceTree = "<group>"; };
		66BE31242349D4850085D15F /* PNCoreDataHandler.swift */ = {isa = PBXFileReference; lastKnownFileType = sourcecode.swift; path = PNCoreDataHandler.swift; sourceTree = "<group>"; };
		66BE31262349D4B00085D15F /* PNUser+CoreDataProperties.swift */ = {isa = PBXFileReference; fileEncoding = 4; lastKnownFileType = sourcecode.swift; path = "PNUser+CoreDataProperties.swift"; sourceTree = "<group>"; };
		66BE31272349D4B00085D15F /* PNUser+CoreDataClass.swift */ = {isa = PBXFileReference; fileEncoding = 4; lastKnownFileType = sourcecode.swift; path = "PNUser+CoreDataClass.swift"; sourceTree = "<group>"; };
		D6AD8437193EB3C607697402 /* Pods_PNews.framework */ = {isa = PBXFileReference; explicitFileType = wrapper.framework; includeInIndex = 0; path = Pods_PNews.framework; sourceTree = BUILT_PRODUCTS_DIR; };
		F0CBBB2866D4AE7035464477 /* Pods-PNews.debug.xcconfig */ = {isa = PBXFileReference; includeInIndex = 1; lastKnownFileType = text.xcconfig; name = "Pods-PNews.debug.xcconfig"; path = "Pods/Target Support Files/Pods-PNews/Pods-PNews.debug.xcconfig"; sourceTree = "<group>"; };
		FD1F5A491723FD5477A31BE8 /* Pods-PNews.release.xcconfig */ = {isa = PBXFileReference; includeInIndex = 1; lastKnownFileType = text.xcconfig; name = "Pods-PNews.release.xcconfig"; path = "Pods/Target Support Files/Pods-PNews/Pods-PNews.release.xcconfig"; sourceTree = "<group>"; };
/* End PBXFileReference section */

/* Begin PBXFrameworksBuildPhase section */
		66412E8D2348CAD400CF7F95 /* Frameworks */ = {
			isa = PBXFrameworksBuildPhase;
			buildActionMask = 2147483647;
			files = (
				8C349E69A3123EAFB8437279 /* Pods_PNews.framework in Frameworks */,
			);
			runOnlyForDeploymentPostprocessing = 0;
		};
/* End PBXFrameworksBuildPhase section */

/* Begin PBXGroup section */
		0C14DD1C1584014EEEA521BE /* Frameworks */ = {
			isa = PBXGroup;
			children = (
				D6AD8437193EB3C607697402 /* Pods_PNews.framework */,
			);
			name = Frameworks;
			sourceTree = "<group>";
		};
		66412E872348CAD300CF7F95 = {
			isa = PBXGroup;
			children = (
				66412E922348CAD400CF7F95 /* PNews */,
				66412E912348CAD400CF7F95 /* Products */,
				DA3DB640DA9D08AA11C590CD /* Pods */,
				0C14DD1C1584014EEEA521BE /* Frameworks */,
			);
			sourceTree = "<group>";
		};
		66412E912348CAD400CF7F95 /* Products */ = {
			isa = PBXGroup;
			children = (
				66412E902348CAD400CF7F95 /* News.app */,
			);
			name = Products;
			sourceTree = "<group>";
		};
		66412E922348CAD400CF7F95 /* PNews */ = {
			isa = PBXGroup;
			children = (
				66412EA52348CBE300CF7F95 /* Classes */,
				66412EAE2348CBE300CF7F95 /* UI */,
				66412E972348CAD400CF7F95 /* Main.storyboard */,
				66412E9A2348CADB00CF7F95 /* Assets.xcassets */,
				66412E9C2348CADB00CF7F95 /* LaunchScreen.storyboard */,
				66412E9F2348CADB00CF7F95 /* Info.plist */,
			);
			path = PNews;
			sourceTree = "<group>";
		};
		66412EA52348CBE300CF7F95 /* Classes */ = {
			isa = PBXGroup;
			children = (
				66412EA72348CBE300CF7F95 /* AppDelegate */,
				66412EA82348CBE300CF7F95 /* Controllers */,
				66412EAC2348CBE300CF7F95 /* Services */,
				66BE31212349D43B0085D15F /* CoreData */,
				66412EA62348CBE300CF7F95 /* Models */,
				66412EAD2348CBE300CF7F95 /* Utility */,
				66412EA92348CBE300CF7F95 /* Views */,
			);
			path = Classes;
			sourceTree = "<group>";
		};
		66412EA62348CBE300CF7F95 /* Models */ = {
			isa = PBXGroup;
			children = (
				66412EBA2348CDDD00CF7F95 /* PNews.swift */,
			);
			path = Models;
			sourceTree = "<group>";
		};
		66412EA72348CBE300CF7F95 /* AppDelegate */ = {
			isa = PBXGroup;
			children = (
				66412EB02348CC5D00CF7F95 /* AppDelegate.swift */,
			);
			path = AppDelegate;
			sourceTree = "<group>";
		};
		66412EA82348CBE300CF7F95 /* Controllers */ = {
			isa = PBXGroup;
			children = (
				66412EB42348CCF900CF7F95 /* PNBaseViewController.swift */,
				66412EB22348CC8300CF7F95 /* PNewsViewController.swift */,
				66412EBE2348CE4B00CF7F95 /* PNewsDetailViewController.swift */,
				66412EC02348CE8F00CF7F95 /* PNKeywordSelectionViewController.swift */,
				66BE311F2349D3B10085D15F /* PNProfileViewController.swift */,
			);
			path = Controllers;
			sourceTree = "<group>";
		};
		66412EA92348CBE300CF7F95 /* Views */ = {
			isa = PBXGroup;
			children = (
				66412EAA2348CBE300CF7F95 /* TableViewCells */,
			);
			path = Views;
			sourceTree = "<group>";
		};
		66412EAA2348CBE300CF7F95 /* TableViewCells */ = {
			isa = PBXGroup;
			children = (
				66412EC62348CF0C00CF7F95 /* PNewsTableViewCell.swift */,
				66412EC22348CED100CF7F95 /* PNewsDetailTableViewCell.swift */,
			);
			path = TableViewCells;
			sourceTree = "<group>";
		};
		66412EAC2348CBE300CF7F95 /* Services */ = {
			isa = PBXGroup;
			children = (
				66412EBC2348CE0A00CF7F95 /* PNewsAPI.swift */,
			);
			path = Services;
			sourceTree = "<group>";
		};
		66412EAD2348CBE300CF7F95 /* Utility */ = {
			isa = PBXGroup;
			children = (
				66412EB62348CD5E00CF7F95 /* PNConstant.swift */,
				66412EB82348CDAC00CF7F95 /* PNUtils.swift */,
			);
			path = Utility;
			sourceTree = "<group>";
		};
		66412EAE2348CBE300CF7F95 /* UI */ = {
			isa = PBXGroup;
			children = (
				66412EAF2348CBE300CF7F95 /* TableViewCells */,
			);
			path = UI;
			sourceTree = "<group>";
		};
		66412EAF2348CBE300CF7F95 /* TableViewCells */ = {
			isa = PBXGroup;
			children = (
				66412EC82348CF1700CF7F95 /* PNewsTableViewCell.xib */,
				66412EC42348CEEC00CF7F95 /* PNewsDetailTableViewCell.xib */,
			);
			path = TableViewCells;
			sourceTree = "<group>";
		};
		66BE31212349D43B0085D15F /* CoreData */ = {
			isa = PBXGroup;
			children = (
				66BE31242349D4850085D15F /* PNCoreDataHandler.swift */,
				66BE31222349D4670085D15F /* PNews.xcdatamodel */,
				66BE31272349D4B00085D15F /* PNUser+CoreDataClass.swift */,
				66BE31262349D4B00085D15F /* PNUser+CoreDataProperties.swift */,
			);
			path = CoreData;
			sourceTree = "<group>";
		};
		DA3DB640DA9D08AA11C590CD /* Pods */ = {
			isa = PBXGroup;
			children = (
				F0CBBB2866D4AE7035464477 /* Pods-PNews.debug.xcconfig */,
				FD1F5A491723FD5477A31BE8 /* Pods-PNews.release.xcconfig */,
			);
			name = Pods;
			sourceTree = "<group>";
		};
/* End PBXGroup section */

/* Begin PBXNativeTarget section */
		66412E8F2348CAD400CF7F95 /* PNews */ = {
			isa = PBXNativeTarget;
			buildConfigurationList = 66412EA22348CADB00CF7F95 /* Build configuration list for PBXNativeTarget "PNews" */;
			buildPhases = (
				1F8D6549219D0FB5D89405B7 /* [CP] Check Pods Manifest.lock */,
				66412E8C2348CAD400CF7F95 /* Sources */,
				66412E8D2348CAD400CF7F95 /* Frameworks */,
				66412E8E2348CAD400CF7F95 /* Resources */,
				DDC234A54895CACE78AF69EE /* [CP] Embed Pods Frameworks */,
			);
			buildRules = (
			);
			dependencies = (
			);
			name = PNews;
			productName = PNews;
			productReference = 66412E902348CAD400CF7F95 /* News.app */;
			productType = "com.apple.product-type.application";
		};
/* End PBXNativeTarget section */

/* Begin PBXProject section */
		66412E882348CAD300CF7F95 /* Project object */ = {
			isa = PBXProject;
			attributes = {
				LastSwiftUpdateCheck = 1020;
				LastUpgradeCheck = 1020;
				ORGANIZATIONNAME = "Pramuka Dias";
				TargetAttributes = {
					66412E8F2348CAD400CF7F95 = {
						CreatedOnToolsVersion = 10.2.1;
						LastSwiftMigration = 1130;
					};
				};
			};
			buildConfigurationList = 66412E8B2348CAD300CF7F95 /* Build configuration list for PBXProject "PNews" */;
			compatibilityVersion = "Xcode 9.3";
			developmentRegion = en;
			hasScannedForEncodings = 0;
			knownRegions = (
				en,
				Base,
			);
			mainGroup = 66412E872348CAD300CF7F95;
			productRefGroup = 66412E912348CAD400CF7F95 /* Products */;
			projectDirPath = "";
			projectRoot = "";
			targets = (
				66412E8F2348CAD400CF7F95 /* PNews */,
			);
		};
/* End PBXProject section */

/* Begin PBXResourcesBuildPhase section */
		66412E8E2348CAD400CF7F95 /* Resources */ = {
			isa = PBXResourcesBuildPhase;
			buildActionMask = 2147483647;
			files = (
				66412EC52348CEEC00CF7F95 /* PNewsDetailTableViewCell.xib in Resources */,
				66412E9E2348CADB00CF7F95 /* LaunchScreen.storyboard in Resources */,
				66412E9B2348CADB00CF7F95 /* Assets.xcassets in Resources */,
				66412EC92348CF1700CF7F95 /* PNewsTableViewCell.xib in Resources */,
				66412E992348CAD400CF7F95 /* Main.storyboard in Resources */,
			);
			runOnlyForDeploymentPostprocessing = 0;
		};
/* End PBXResourcesBuildPhase section */

/* Begin PBXShellScriptBuildPhase section */
		1F8D6549219D0FB5D89405B7 /* [CP] Check Pods Manifest.lock */ = {
			isa = PBXShellScriptBuildPhase;
			buildActionMask = 2147483647;
			files = (
			);
			inputFileListPaths = (
			);
			inputPaths = (
				"${PODS_PODFILE_DIR_PATH}/Podfile.lock",
				"${PODS_ROOT}/Manifest.lock",
			);
			name = "[CP] Check Pods Manifest.lock";
			outputFileListPaths = (
			);
			outputPaths = (
				"$(DERIVED_FILE_DIR)/Pods-PNews-checkManifestLockResult.txt",
			);
			runOnlyForDeploymentPostprocessing = 0;
			shellPath = /bin/sh;
			shellScript = "diff \"${PODS_PODFILE_DIR_PATH}/Podfile.lock\" \"${PODS_ROOT}/Manifest.lock\" > /dev/null\nif [ $? != 0 ] ; then\n    # print error to STDERR\n    echo \"error: The sandbox is not in sync with the Podfile.lock. Run 'pod install' or update your CocoaPods installation.\" >&2\n    exit 1\nfi\n# This output is used by Xcode 'outputs' to avoid re-running this script phase.\necho \"SUCCESS\" > \"${SCRIPT_OUTPUT_FILE_0}\"\n";
			showEnvVarsInLog = 0;
		};
		DDC234A54895CACE78AF69EE /* [CP] Embed Pods Frameworks */ = {
			isa = PBXShellScriptBuildPhase;
			buildActionMask = 2147483647;
			files = (
			);
			inputFileListPaths = (
				"${PODS_ROOT}/Target Support Files/Pods-PNews/Pods-PNews-frameworks-${CONFIGURATION}-input-files.xcfilelist",
			);
			name = "[CP] Embed Pods Frameworks";
			outputFileListPaths = (
				"${PODS_ROOT}/Target Support Files/Pods-PNews/Pods-PNews-frameworks-${CONFIGURATION}-output-files.xcfilelist",
			);
			runOnlyForDeploymentPostprocessing = 0;
			shellPath = /bin/sh;
			shellScript = "\"${PODS_ROOT}/Target Support Files/Pods-PNews/Pods-PNews-frameworks.sh\"\n";
			showEnvVarsInLog = 0;
		};
/* End PBXShellScriptBuildPhase section */

/* Begin PBXSourcesBuildPhase section */
		66412E8C2348CAD400CF7F95 /* Sources */ = {
			isa = PBXSourcesBuildPhase;
			buildActionMask = 2147483647;
			files = (
				66412EB52348CCF900CF7F95 /* PNBaseViewController.swift in Sources */,
				66412EBF2348CE4B00CF7F95 /* PNewsDetailViewController.swift in Sources */,
				66412EB32348CC8300CF7F95 /* PNewsViewController.swift in Sources */,
				66BE31252349D4850085D15F /* PNCoreDataHandler.swift in Sources */,
				66412EC12348CE8F00CF7F95 /* PNKeywordSelectionViewController.swift in Sources */,
				66412EB92348CDAC00CF7F95 /* PNUtils.swift in Sources */,
				66BE31292349D4B00085D15F /* PNUser+CoreDataClass.swift in Sources */,
				66BE31282349D4B00085D15F /* PNUser+CoreDataProperties.swift in Sources */,
				66412EB12348CC5D00CF7F95 /* AppDelegate.swift in Sources */,
				66BE31202349D3B10085D15F /* PNProfileViewController.swift in Sources */,
				66412EB72348CD5E00CF7F95 /* PNConstant.swift in Sources */,
				66412EC72348CF0C00CF7F95 /* PNewsTableViewCell.swift in Sources */,
				66412EBB2348CDDD00CF7F95 /* PNews.swift in Sources */,
				66412EC32348CED100CF7F95 /* PNewsDetailTableViewCell.swift in Sources */,
				66412EBD2348CE0A00CF7F95 /* PNewsAPI.swift in Sources */,
				66BE31232349D4670085D15F /* PNews.xcdatamodel in Sources */,
			);
			runOnlyForDeploymentPostprocessing = 0;
		};
/* End PBXSourcesBuildPhase section */

/* Begin PBXVariantGroup section */
		66412E972348CAD400CF7F95 /* Main.storyboard */ = {
			isa = PBXVariantGroup;
			children = (
				66412E982348CAD400CF7F95 /* Base */,
			);
			name = Main.storyboard;
			sourceTree = "<group>";
		};
		66412E9C2348CADB00CF7F95 /* LaunchScreen.storyboard */ = {
			isa = PBXVariantGroup;
			children = (
				66412E9D2348CADB00CF7F95 /* Base */,
			);
			name = LaunchScreen.storyboard;
			sourceTree = "<group>";
		};
/* End PBXVariantGroup section */

/* Begin XCBuildConfiguration section */
		66412EA02348CADB00CF7F95 /* Debug */ = {
			isa = XCBuildConfiguration;
			buildSettings = {
				ALWAYS_SEARCH_USER_PATHS = NO;
				CLANG_ANALYZER_NONNULL = YES;
				CLANG_ANALYZER_NUMBER_OBJECT_CONVERSION = YES_AGGRESSIVE;
				CLANG_CXX_LANGUAGE_STANDARD = "gnu++14";
				CLANG_CXX_LIBRARY = "libc++";
				CLANG_ENABLE_MODULES = YES;
				CLANG_ENABLE_OBJC_ARC = YES;
				CLANG_ENABLE_OBJC_WEAK = YES;
				CLANG_WARN_BLOCK_CAPTURE_AUTORELEASING = YES;
				CLANG_WARN_BOOL_CONVERSION = YES;
				CLANG_WARN_COMMA = YES;
				CLANG_WARN_CONSTANT_CONVERSION = YES;
				CLANG_WARN_DEPRECATED_OBJC_IMPLEMENTATIONS = YES;
				CLANG_WARN_DIRECT_OBJC_ISA_USAGE = YES_ERROR;
				CLANG_WARN_DOCUMENTATION_COMMENTS = YES;
				CLANG_WARN_EMPTY_BODY = YES;
				CLANG_WARN_ENUM_CONVERSION = YES;
				CLANG_WARN_INFINITE_RECURSION = YES;
				CLANG_WARN_INT_CONVERSION = YES;
				CLANG_WARN_NON_LITERAL_NULL_CONVERSION = YES;
				CLANG_WARN_OBJC_IMPLICIT_RETAIN_SELF = YES;
				CLANG_WARN_OBJC_LITERAL_CONVERSION = YES;
				CLANG_WARN_OBJC_ROOT_CLASS = YES_ERROR;
				CLANG_WARN_RANGE_LOOP_ANALYSIS = YES;
				CLANG_WARN_STRICT_PROTOTYPES = YES;
				CLANG_WARN_SUSPICIOUS_MOVE = YES;
				CLANG_WARN_UNGUARDED_AVAILABILITY = YES_AGGRESSIVE;
				CLANG_WARN_UNREACHABLE_CODE = YES;
				CLANG_WARN__DUPLICATE_METHOD_MATCH = YES;
				CODE_SIGN_IDENTITY = "iPhone Developer";
				COPY_PHASE_STRIP = NO;
				DEBUG_INFORMATION_FORMAT = dwarf;
				ENABLE_STRICT_OBJC_MSGSEND = YES;
				ENABLE_TESTABILITY = YES;
				GCC_C_LANGUAGE_STANDARD = gnu11;
				GCC_DYNAMIC_NO_PIC = NO;
				GCC_NO_COMMON_BLOCKS = YES;
				GCC_OPTIMIZATION_LEVEL = 0;
				GCC_PREPROCESSOR_DEFINITIONS = (
					"DEBUG=1",
					"$(inherited)",
				);
				GCC_WARN_64_TO_32_BIT_CONVERSION = YES;
				GCC_WARN_ABOUT_RETURN_TYPE = YES_ERROR;
				GCC_WARN_UNDECLARED_SELECTOR = YES;
				GCC_WARN_UNINITIALIZED_AUTOS = YES_AGGRESSIVE;
				GCC_WARN_UNUSED_FUNCTION = YES;
				GCC_WARN_UNUSED_VARIABLE = YES;
				IPHONEOS_DEPLOYMENT_TARGET = 12.2;
				MTL_ENABLE_DEBUG_INFO = INCLUDE_SOURCE;
				MTL_FAST_MATH = YES;
				ONLY_ACTIVE_ARCH = YES;
				SDKROOT = iphoneos;
				SWIFT_ACTIVE_COMPILATION_CONDITIONS = DEBUG;
				SWIFT_OPTIMIZATION_LEVEL = "-Onone";
			};
			name = Debug;
		};
		66412EA12348CADB00CF7F95 /* Release */ = {
			isa = XCBuildConfiguration;
			buildSettings = {
				ALWAYS_SEARCH_USER_PATHS = NO;
				CLANG_ANALYZER_NONNULL = YES;
				CLANG_ANALYZER_NUMBER_OBJECT_CONVERSION = YES_AGGRESSIVE;
				CLANG_CXX_LANGUAGE_STANDARD = "gnu++14";
				CLANG_CXX_LIBRARY = "libc++";
				CLANG_ENABLE_MODULES = YES;
				CLANG_ENABLE_OBJC_ARC = YES;
				CLANG_ENABLE_OBJC_WEAK = YES;
				CLANG_WARN_BLOCK_CAPTURE_AUTORELEASING = YES;
				CLANG_WARN_BOOL_CONVERSION = YES;
				CLANG_WARN_COMMA = YES;
				CLANG_WARN_CONSTANT_CONVERSION = YES;
				CLANG_WARN_DEPRECATED_OBJC_IMPLEMENTATIONS = YES;
				CLANG_WARN_DIRECT_OBJC_ISA_USAGE = YES_ERROR;
				CLANG_WARN_DOCUMENTATION_COMMENTS = YES;
				CLANG_WARN_EMPTY_BODY = YES;
				CLANG_WARN_ENUM_CONVERSION = YES;
				CLANG_WARN_INFINITE_RECURSION = YES;
				CLANG_WARN_INT_CONVERSION = YES;
				CLANG_WARN_NON_LITERAL_NULL_CONVERSION = YES;
				CLANG_WARN_OBJC_IMPLICIT_RETAIN_SELF = YES;
				CLANG_WARN_OBJC_LITERAL_CONVERSION = YES;
				CLANG_WARN_OBJC_ROOT_CLASS = YES_ERROR;
				CLANG_WARN_RANGE_LOOP_ANALYSIS = YES;
				CLANG_WARN_STRICT_PROTOTYPES = YES;
				CLANG_WARN_SUSPICIOUS_MOVE = YES;
				CLANG_WARN_UNGUARDED_AVAILABILITY = YES_AGGRESSIVE;
				CLANG_WARN_UNREACHABLE_CODE = YES;
				CLANG_WARN__DUPLICATE_METHOD_MATCH = YES;
				CODE_SIGN_IDENTITY = "iPhone Developer";
				COPY_PHASE_STRIP = NO;
				DEBUG_INFORMATION_FORMAT = "dwarf-with-dsym";
				ENABLE_NS_ASSERTIONS = NO;
				ENABLE_STRICT_OBJC_MSGSEND = YES;
				GCC_C_LANGUAGE_STANDARD = gnu11;
				GCC_NO_COMMON_BLOCKS = YES;
				GCC_WARN_64_TO_32_BIT_CONVERSION = YES;
				GCC_WARN_ABOUT_RETURN_TYPE = YES_ERROR;
				GCC_WARN_UNDECLARED_SELECTOR = YES;
				GCC_WARN_UNINITIALIZED_AUTOS = YES_AGGRESSIVE;
				GCC_WARN_UNUSED_FUNCTION = YES;
				GCC_WARN_UNUSED_VARIABLE = YES;
				IPHONEOS_DEPLOYMENT_TARGET = 12.2;
				MTL_ENABLE_DEBUG_INFO = NO;
				MTL_FAST_MATH = YES;
				SDKROOT = iphoneos;
				SWIFT_COMPILATION_MODE = wholemodule;
				SWIFT_OPTIMIZATION_LEVEL = "-O";
				VALIDATE_PRODUCT = YES;
			};
			name = Release;
		};
		66412EA32348CADB00CF7F95 /* Debug */ = {
			isa = XCBuildConfiguration;
			baseConfigurationReference = F0CBBB2866D4AE7035464477 /* Pods-PNews.debug.xcconfig */;
			buildSettings = {
				ASSETCATALOG_COMPILER_APPICON_NAME = AppIcon;
				CLANG_ENABLE_MODULES = YES;
				CODE_SIGN_STYLE = Automatic;
				DEVELOPMENT_TEAM = "";
				INFOPLIST_FILE = PNews/Info.plist;
				IPHONEOS_DEPLOYMENT_TARGET = 10.0;
				LD_RUNPATH_SEARCH_PATHS = (
					"$(inherited)",
					"@executable_path/Frameworks",
				);
				PRODUCT_BUNDLE_IDENTIFIER = com.pramuka.news;
				PRODUCT_NAME = News;
				SWIFT_OPTIMIZATION_LEVEL = "-Onone";
				SWIFT_VERSION = 5.0;
				TARGETED_DEVICE_FAMILY = "1,2";
			};
			name = Debug;
		};
		66412EA42348CADB00CF7F95 /* Release */ = {
			isa = XCBuildConfiguration;
			baseConfigurationReference = FD1F5A491723FD5477A31BE8 /* Pods-PNews.release.xcconfig */;
			buildSettings = {
				ASSETCATALOG_COMPILER_APPICON_NAME = AppIcon;
				CLANG_ENABLE_MODULES = YES;
				CODE_SIGN_STYLE = Automatic;
				DEVELOPMENT_TEAM = "";
				INFOPLIST_FILE = PNews/Info.plist;
				IPHONEOS_DEPLOYMENT_TARGET = 10.0;
				LD_RUNPATH_SEARCH_PATHS = (
					"$(inherited)",
					"@executable_path/Frameworks",
				);
				PRODUCT_BUNDLE_IDENTIFIER = com.pramuka.news;
				PRODUCT_NAME = News;
				SWIFT_VERSION = 5.0;
				TARGETED_DEVICE_FAMILY = "1,2";
			};
			name = Release;
		};
/* End XCBuildConfiguration section */

/* Begin XCConfigurationList section */
		66412E8B2348CAD300CF7F95 /* Build configuration list for PBXProject "PNews" */ = {
			isa = XCConfigurationList;
			buildConfigurations = (
				66412EA02348CADB00CF7F95 /* Debug */,
				66412EA12348CADB00CF7F95 /* Release */,
			);
			defaultConfigurationIsVisible = 0;
			defaultConfigurationName = Release;
		};
		66412EA22348CADB00CF7F95 /* Build configuration list for PBXNativeTarget "PNews" */ = {
			isa = XCConfigurationList;
			buildConfigurations = (
				66412EA32348CADB00CF7F95 /* Debug */,
				66412EA42348CADB00CF7F95 /* Release */,
			);
			defaultConfigurationIsVisible = 0;
			defaultConfigurationName = Release;
		};
/* End XCConfigurationList section */
	};
	rootObject = 66412E882348CAD300CF7F95 /* Project object */;
}
